
Microsoft Visual Studio Solution File, Format Version 12.00
# Visual Studio 2013
VisualStudioVersion = 12.0.40629.0
MinimumVisualStudioVersion = 10.0.40219.1
Project("{FAE04EC0-301F-11D3-BF4B-00C04F79EFBC}") = "10001st prime", "10001st prime\10001st prime.csproj", "{F5234A95-760D-4B70-A963-CAE2EE7F26EF}"
EndProject
Global
	GlobalSection(SolutionConfigurationPlatforms) = preSolution
		Debug|Any CPU = Debug|Any CPU
		Release|Any CPU = Release|Any CPU
	EndGlobalSection
	GlobalSection(ProjectConfigurationPlatforms) = postSolution
		{F5234A95-760D-4B70-A963-CAE2EE7F26EF}.Debug|Any CPU.ActiveCfg = Debug|Any CPU
		{F5234A95-760D-4B70-A963-CAE2EE7F26EF}.Debug|Any CPU.Build.0 = Debug|Any CPU
		{F5234A95-760D-4B70-A963-CAE2EE7F26EF}.Release|Any CPU.ActiveCfg = Release|Any CPU
		{F5234A95-760D-4B70-A963-CAE2EE7F26EF}.Release|Any CPU.Build.0 = Release|Any CPU
	EndGlobalSection
	GlobalSection(SolutionProperties) = preSolution
		HideSolutionNode = FALSE
	EndGlobalSection
EndGlobal
